
Microsoft Visual Studio Solution File, Format Version 12.00
# Visual Studio Version 17
VisualStudioVersion = 17.5.33424.131
MinimumVisualStudioVersion = 10.0.40219.1
Project("{FAE04EC0-301F-11D3-BF4B-00C04F79EFBC}") = "lab3", "lab3\lab3.csproj", "{73648A6E-636F-4CAC-A602-39215B8BB5A8}"
EndProject
Project("{FAE04EC0-301F-11D3-BF4B-00C04F79EFBC}") = "lab3.Tests", "lab3.Tests\lab3.Tests.csproj", "{431A159E-E717-413F-8390-DB649610F8B1}"
EndProject
Global
	GlobalSection(SolutionConfigurationPlatforms) = preSolution
		Debug|Any CPU = Debug|Any CPU
		Release|Any CPU = Release|Any CPU
	EndGlobalSection
	GlobalSection(ProjectConfigurationPlatforms) = postSolution
		{73648A6E-636F-4CAC-A602-39215B8BB5A8}.Debug|Any CPU.ActiveCfg = Debug|Any CPU
		{73648A6E-636F-4CAC-A602-39215B8BB5A8}.Debug|Any CPU.Build.0 = Debug|Any CPU
		{73648A6E-636F-4CAC-A602-39215B8BB5A8}.Release|Any CPU.ActiveCfg = Release|Any CPU
		{73648A6E-636F-4CAC-A602-39215B8BB5A8}.Release|Any CPU.Build.0 = Release|Any CPU
		{431A159E-E717-413F-8390-DB649610F8B1}.Debug|Any CPU.ActiveCfg = Debug|Any CPU
		{431A159E-E717-413F-8390-DB649610F8B1}.Debug|Any CPU.Build.0 = Debug|Any CPU
		{431A159E-E717-413F-8390-DB649610F8B1}.Release|Any CPU.ActiveCfg = Release|Any CPU
		{431A159E-E717-413F-8390-DB649610F8B1}.Release|Any CPU.Build.0 = Release|Any CPU
	EndGlobalSection
	GlobalSection(SolutionProperties) = preSolution
		HideSolutionNode = FALSE
	EndGlobalSection
	GlobalSection(ExtensibilityGlobals) = postSolution
		SolutionGuid = {86B462BE-1C46-4504-8D4F-CE4A8A15F45C}
	EndGlobalSection
EndGlobal
